
Microsoft Visual Studio Solution File, Format Version 12.00
# Visual Studio Version 16
VisualStudioVersion = 16.0.30523.141
MinimumVisualStudioVersion = 10.0.40219.1
Project("{8BC9CEB8-8B4A-11D0-8D11-00A0C91BC942}") = "DlgDemo", "DlgDemo\DlgDemo.vcxproj", "{D4DD4D85-3859-4896-95C3-0C5CF4D7F4F8}"
EndProject
Global
	GlobalSection(SolutionConfigurationPlatforms) = preSolution
		Debug|x64 = Debug|x64
		Debug|x86 = Debug|x86
		Release|x64 = Release|x64
		Release|x86 = Release|x86
	EndGlobalSection
	GlobalSection(ProjectConfigurationPlatforms) = postSolution
		{D4DD4D85-3859-4896-95C3-0C5CF4D7F4F8}.Debug|x64.ActiveCfg = Debug|x64
		{D4DD4D85-3859-4896-95C3-0C5CF4D7F4F8}.Debug|x64.Build.0 = Debug|x64
		{D4DD4D85-3859-4896-95C3-0C5CF4D7F4F8}.Debug|x86.ActiveCfg = Debug|Win32
		{D4DD4D85-3859-4896-95C3-0C5CF4D7F4F8}.Debug|x86.Build.0 = Debug|Win32
		{D4DD4D85-3859-4896-95C3-0C5CF4D7F4F8}.Release|x64.ActiveCfg = Release|x64
		{D4DD4D85-3859-4896-95C3-0C5CF4D7F4F8}.Release|x64.Build.0 = Release|x64
		{D4DD4D85-3859-4896-95C3-0C5CF4D7F4F8}.Release|x86.ActiveCfg = Release|Win32
		{D4DD4D85-3859-4896-95C3-0C5CF4D7F4F8}.Release|x86.Build.0 = Release|Win32
	EndGlobalSection
	GlobalSection(SolutionProperties) = preSolution
		HideSolutionNode = FALSE
	EndGlobalSection
	GlobalSection(ExtensibilityGlobals) = postSolution
		SolutionGuid = {5A0502C2-B0D7-49E4-9D56-05CD9F4C4522}
	EndGlobalSection
EndGlobal
